
Microsoft Visual Studio Solution File, Format Version 12.00
# Visual Studio Version 16
VisualStudioVersion = 16.0.29123.88
MinimumVisualStudioVersion = 10.0.40219.1
Project("{9A19103F-16F7-4668-BE54-9A1E7A4F7556}") = "CSharpDayOne-Projects", "CSharpDayOne-Projects\CSharpDayOne-Projects.csproj", "{4F9F7B91-9B66-40A9-B875-7A66B316C457}"
EndProject
Project("{9A19103F-16F7-4668-BE54-9A1E7A4F7556}") = "CSharp-DayTwo-Projects", "CSharp-DayTwo-Projects\CSharp-DayTwo-Projects.csproj", "{21611EB0-6857-496F-9E24-C9946F32A992}"
EndProject
Project("{9A19103F-16F7-4668-BE54-9A1E7A4F7556}") = "Student_ClassLibrary", "Student_ClassLibrary\Student_ClassLibrary.csproj", "{D658D3C5-F567-4E04-997F-42DBC3297916}"
EndProject
Project("{9A19103F-16F7-4668-BE54-9A1E7A4F7556}") = "Marks_ClassLibrary", "Marks_ClassLibrary\Marks_ClassLibrary.csproj", "{0CA5D1B9-5A17-4E2C-A396-44BCC05D97D8}"
EndProject
Project("{9A19103F-16F7-4668-BE54-9A1E7A4F7556}") = "Sport_ClassLibrary", "Sport_ClassLibrary\Sport_ClassLibrary.csproj", "{60A2D3B8-6206-40B2-93BF-8C634159360F}"
EndProject
Project("{9A19103F-16F7-4668-BE54-9A1E7A4F7556}") = "Result_ClassLibrary", "Result_ClassLibrary\Result_ClassLibrary.csproj", "{352B8272-3544-4A87-8F74-64C7E935F718}"
EndProject
Project("{9A19103F-16F7-4668-BE54-9A1E7A4F7556}") = "CSharp-DayThree-Projects", "CSharp-DayThree-Projects\CSharp-DayThree-Projects.csproj", "{6465E0DB-4851-4D16-A85A-0C7A708B8806}"
EndProject
Project("{9A19103F-16F7-4668-BE54-9A1E7A4F7556}") = "Csharp_DayFour_Projects", "Csharp_DayFour_Projects\Csharp_DayFour_Projects.csproj", "{9042E07C-8EEE-4216-9406-404FECD0BA21}"
EndProject
Project("{FAE04EC0-301F-11D3-BF4B-00C04F79EFBC}") = "DataStructureImplementation", "DataStructureImplementation\DataStructureImplementation.csproj", "{7D202270-C075-4FEE-A3D0-274DB47E85E0}"
EndProject
Global
	GlobalSection(SolutionConfigurationPlatforms) = preSolution
		Debug|Any CPU = Debug|Any CPU
		Release|Any CPU = Release|Any CPU
	EndGlobalSection
	GlobalSection(ProjectConfigurationPlatforms) = postSolution
		{4F9F7B91-9B66-40A9-B875-7A66B316C457}.Debug|Any CPU.ActiveCfg = Debug|Any CPU
		{4F9F7B91-9B66-40A9-B875-7A66B316C457}.Debug|Any CPU.Build.0 = Debug|Any CPU
		{4F9F7B91-9B66-40A9-B875-7A66B316C457}.Release|Any CPU.ActiveCfg = Release|Any CPU
		{4F9F7B91-9B66-40A9-B875-7A66B316C457}.Release|Any CPU.Build.0 = Release|Any CPU
		{21611EB0-6857-496F-9E24-C9946F32A992}.Debug|Any CPU.ActiveCfg = Debug|Any CPU
		{21611EB0-6857-496F-9E24-C9946F32A992}.Debug|Any CPU.Build.0 = Debug|Any CPU
		{21611EB0-6857-496F-9E24-C9946F32A992}.Release|Any CPU.ActiveCfg = Release|Any CPU
		{21611EB0-6857-496F-9E24-C9946F32A992}.Release|Any CPU.Build.0 = Release|Any CPU
		{D658D3C5-F567-4E04-997F-42DBC3297916}.Debug|Any CPU.ActiveCfg = Debug|Any CPU
		{D658D3C5-F567-4E04-997F-42DBC3297916}.Debug|Any CPU.Build.0 = Debug|Any CPU
		{D658D3C5-F567-4E04-997F-42DBC3297916}.Release|Any CPU.ActiveCfg = Release|Any CPU
		{D658D3C5-F567-4E04-997F-42DBC3297916}.Release|Any CPU.Build.0 = Release|Any CPU
		{0CA5D1B9-5A17-4E2C-A396-44BCC05D97D8}.Debug|Any CPU.ActiveCfg = Debug|Any CPU
		{0CA5D1B9-5A17-4E2C-A396-44BCC05D97D8}.Debug|Any CPU.Build.0 = Debug|Any CPU
		{0CA5D1B9-5A17-4E2C-A396-44BCC05D97D8}.Release|Any CPU.ActiveCfg = Release|Any CPU
		{0CA5D1B9-5A17-4E2C-A396-44BCC05D97D8}.Release|Any CPU.Build.0 = Release|Any CPU
		{60A2D3B8-6206-40B2-93BF-8C634159360F}.Debug|Any CPU.ActiveCfg = Debug|Any CPU
		{60A2D3B8-6206-40B2-93BF-8C634159360F}.Debug|Any CPU.Build.0 = Debug|Any CPU
		{60A2D3B8-6206-40B2-93BF-8C634159360F}.Release|Any CPU.ActiveCfg = Release|Any CPU
		{60A2D3B8-6206-40B2-93BF-8C634159360F}.Release|Any CPU.Build.0 = Release|Any CPU
		{352B8272-3544-4A87-8F74-64C7E935F718}.Debug|Any CPU.ActiveCfg = Debug|Any CPU
		{352B8272-3544-4A87-8F74-64C7E935F718}.Debug|Any CPU.Build.0 = Debug|Any CPU
		{352B8272-3544-4A87-8F74-64C7E935F718}.Release|Any CPU.ActiveCfg = Release|Any CPU
		{352B8272-3544-4A87-8F74-64C7E935F718}.Release|Any CPU.Build.0 = Release|Any CPU
		{6465E0DB-4851-4D16-A85A-0C7A708B8806}.Debug|Any CPU.ActiveCfg = Debug|Any CPU
		{6465E0DB-4851-4D16-A85A-0C7A708B8806}.Debug|Any CPU.Build.0 = Debug|Any CPU
		{6465E0DB-4851-4D16-A85A-0C7A708B8806}.Release|Any CPU.ActiveCfg = Release|Any CPU
		{6465E0DB-4851-4D16-A85A-0C7A708B8806}.Release|Any CPU.Build.0 = Release|Any CPU
		{9042E07C-8EEE-4216-9406-404FECD0BA21}.Debug|Any CPU.ActiveCfg = Debug|Any CPU
		{9042E07C-8EEE-4216-9406-404FECD0BA21}.Debug|Any CPU.Build.0 = Debug|Any CPU
		{9042E07C-8EEE-4216-9406-404FECD0BA21}.Release|Any CPU.ActiveCfg = Release|Any CPU
		{9042E07C-8EEE-4216-9406-404FECD0BA21}.Release|Any CPU.Build.0 = Release|Any CPU
		{7D202270-C075-4FEE-A3D0-274DB47E85E0}.Debug|Any CPU.ActiveCfg = Debug|Any CPU
		{7D202270-C075-4FEE-A3D0-274DB47E85E0}.Debug|Any CPU.Build.0 = Debug|Any CPU
		{7D202270-C075-4FEE-A3D0-274DB47E85E0}.Release|Any CPU.ActiveCfg = Release|Any CPU
		{7D202270-C075-4FEE-A3D0-274DB47E85E0}.Release|Any CPU.Build.0 = Release|Any CPU
	EndGlobalSection
	GlobalSection(SolutionProperties) = preSolution
		HideSolutionNode = FALSE
	EndGlobalSection
	GlobalSection(ExtensibilityGlobals) = postSolution
		SolutionGuid = {A7724A13-CC4E-4452-8A0B-4882CE23990D}
	EndGlobalSection
EndGlobal
